<?xml version="1.0" encoding="utf-8"?>
<Project ToolsVersion="4.0" xmlns="http://schemas.microsoft.com/developer/msbuild/2003">
  <ItemGroup>
    <Filter Include="Source">
      <UniqueIdentifier>{4FC737F1-C7A5-4376-A066-2A32D752A2FF}</UniqueIdentifier>
      <Extensions>cpp;c;cc;cxx;c++;cppm;ixx;def;odl;idl;hpj;bat;asm;asmx</Extensions>
    </Filter>
    <Filter Include="Shaders">
      <UniqueIdentifier>{0714a8dd-95f6-4338-84be-e82c3728925e}</UniqueIdentifier>
    </Filter>
    <Filter Include="Material">
      <UniqueIdentifier>{000db614-45f9-4693-812e-468cffa11ed4}</UniqueIdentifier>
    </Filter>
    <Filter Include="Scenes">
      <UniqueIdentifier>{1b19e87a-dcb2-478d-aef2-c471b2807037}</UniqueIdentifier>
    </Filter>
    <Filter Include="Shaders\Cubemap">
      <UniqueIdentifier>{58e404c7-0f6f-41b9-bcab-0f85cacc9f45}</UniqueIdentifier>
    </Filter>
    <Filter Include="Source\Source">
      <UniqueIdentifier>{1d08e8b3-e7fb-463e-b237-7feb8f4a0ec0}</UniqueIdentifier>
    </Filter>
    <Filter Include="Source\Source\Math">
      <UniqueIdentifier>{5a868276-e475-42da-9f73-d5de2837dd50}</UniqueIdentifier>
    </Filter>
  </ItemGroup>
  <ItemGroup>
    <ClCompile Include="Main.cpp">
      <Filter>Source</Filter>
    </ClCompile>
    <ClCompile Include="World01.cpp">
      <Filter>Source</Filter>
    </ClCompile>
    <ClCompile Include="World02.cpp">
      <Filter>Source</Filter>
    </ClCompile>
    <ClCompile Include="World03.cpp">
      <Filter>Source</Filter>
    </ClCompile>
    <ClCompile Include="World04.cpp">
      <Filter>Source</Filter>
    </ClCompile>
    <ClCompile Include="World05.cpp">
      <Filter>Source</Filter>
    </ClCompile>
    <ClCompile Include="World06.cpp">
      <Filter>Source</Filter>
    </ClCompile>
    <ClCompile Include="..\Engine\Core\FileIO.cpp">
      <Filter>Source\Source</Filter>
    </ClCompile>
    <ClCompile Include="..\Engine\Core\Json.cpp">
      <Filter>Source\Source</Filter>
    </ClCompile>
    <ClCompile Include="..\Engine\Core\Logger.cpp">
      <Filter>Source\Source</Filter>
    </ClCompile>
    <ClCompile Include="..\Engine\Core\Math\MathUtils.cpp">
      <Filter>Source\Source</Filter>
    </ClCompile>
    <ClCompile Include="..\Engine\Core\Memory.cpp">
      <Filter>Source\Source</Filter>
    </ClCompile>
    <ClCompile Include="..\Engine\Core\StringUtils.cpp">
      <Filter>Source\Source</Filter>
    </ClCompile>
    <ClCompile Include="..\Engine\Core\Time.cpp">
      <Filter>Source\Source</Filter>
    </ClCompile>
    <ClCompile Include="..\Engine\Core\Math\Transform.cpp">
      <Filter>Source\Source\Math</Filter>
    </ClCompile>
    <ClCompile Include="World7.cpp">
      <Filter>Source</Filter>
    </ClCompile>
    <ClCompile Include="World08.cpp">
      <Filter>Source</Filter>
    </ClCompile>
  </ItemGroup>
  <ItemGroup>
    <ClInclude Include="World01.h">
      <Filter>Source</Filter>
    </ClInclude>
    <ClInclude Include="World02.h">
      <Filter>Source</Filter>
    </ClInclude>
    <ClInclude Include="World03.h">
      <Filter>Source</Filter>
    </ClInclude>
    <ClInclude Include="World04.h">
      <Filter>Source</Filter>
    </ClInclude>
    <ClInclude Include="World05.h">
      <Filter>Source</Filter>
    </ClInclude>
    <ClInclude Include="World06.h">
      <Filter>Source</Filter>
    </ClInclude>
    <ClInclude Include="..\Engine\Core\Core.h">
      <Filter>Source\Source</Filter>
    </ClInclude>
    <ClInclude Include="..\Engine\Core\FileIO.h">
      <Filter>Source\Source</Filter>
    </ClInclude>
    <ClInclude Include="..\Engine\Core\Json.h">
      <Filter>Source\Source</Filter>
    </ClInclude>
    <ClInclude Include="..\Engine\Core\Logger.h">
      <Filter>Source\Source</Filter>
    </ClInclude>
    <ClInclude Include="..\Engine\Core\Memory.h">
      <Filter>Source\Source</Filter>
    </ClInclude>
    <ClInclude Include="..\Engine\Core\Random.h">
      <Filter>Source\Source</Filter>
    </ClInclude>
    <ClInclude Include="..\Engine\Core\StringUtils.h">
      <Filter>Source\Source</Filter>
    </ClInclude>
    <ClInclude Include="..\Engine\Core\Time.h">
      <Filter>Source\Source</Filter>
    </ClInclude>
    <ClInclude Include="..\Engine\Core\Math\Color.h">
      <Filter>Source\Source\Math</Filter>
    </ClInclude>
    <ClInclude Include="..\Engine\Core\Math\MathUtils.h">
      <Filter>Source\Source\Math</Filter>
    </ClInclude>
    <ClInclude Include="..\Engine\Core\Math\Matrix22.h">
      <Filter>Source\Source\Math</Filter>
    </ClInclude>
    <ClInclude Include="..\Engine\Core\Math\Matrix33.h">
      <Filter>Source\Source\Math</Filter>
    </ClInclude>
    <ClInclude Include="..\Engine\Core\Math\Rect.h">
      <Filter>Source\Source\Math</Filter>
    </ClInclude>
    <ClInclude Include="..\Engine\Core\Math\Transform.h">
      <Filter>Source\Source\Math</Filter>
    </ClInclude>
    <ClInclude Include="..\Engine\Core\Math\Vector2.h">
      <Filter>Source\Source\Math</Filter>
    </ClInclude>
    <ClInclude Include="..\Engine\Core\Math\Vector3.h">
      <Filter>Source\Source\Math</Filter>
    </ClInclude>
    <ClInclude Include="World7.h">
      <Filter>Source</Filter>
    </ClInclude>
    <ClInclude Include="World08.h">
      <Filter>Source</Filter>
    </ClInclude>
  </ItemGroup>
  <ItemGroup>
    <None Include="..\..\Build\Assets\Shaders\unlit_color.prog">
      <Filter>Shaders</Filter>
    </None>
    <None Include="..\..\Build\Assets\Shaders\unlit_color.vert">
      <Filter>Shaders</Filter>
    </None>
    <None Include="..\..\Build\Assets\Shaders\unlit_texture.frag">
      <Filter>Shaders</Filter>
    </None>
    <None Include="..\..\Build\Assets\Shaders\unlit_texture.prog">
      <Filter>Shaders</Filter>
    </None>
    <None Include="..\..\Build\Assets\Shaders\unlit_texture.vert">
      <Filter>Shaders</Filter>
    </None>
    <None Include="..\..\Build\Assets\Shaders\unlit_multi_texture.frag">
      <Filter>Shaders</Filter>
    </None>
    <None Include="..\..\Build\Assets\Shaders\unlit_multi_texture.prog">
      <Filter>Shaders</Filter>
    </None>
    <None Include="..\..\Build\Assets\Shaders\lit_texture.frag">
      <Filter>Shaders</Filter>
    </None>
    <None Include="..\..\Build\Assets\Shaders\lit_texture.prog">
      <Filter>Shaders</Filter>
    </None>
    <None Include="..\..\Build\Assets\Shaders\lit_texture.vert">
      <Filter>Shaders</Filter>
    </None>
    <None Include="..\..\Build\Assets\Shaders\multi_lit_texture.frag">
      <Filter>Shaders</Filter>
    </None>
    <None Include="..\..\Build\Assets\Shaders\multi_lit_texture.prog">
      <Filter>Shaders</Filter>
    </None>
    <None Include="..\..\Build\Assets\Materials\grid.mtrl">
      <Filter>Material</Filter>
    </None>
    <None Include="..\..\Build\Assets\Materials\multi.mtrl">
      <Filter>Material</Filter>
    </None>
    <None Include="..\..\Build\Assets\Materials\quad.mtrl">
      <Filter>Material</Filter>
    </None>
    <None Include="..\..\Build\Assets\Scenes\scene.json">
      <Filter>Scenes</Filter>
    </None>
    <None Include="..\..\Build\Assets\Shaders\lit_phong.frag">
      <Filter>Shaders</Filter>
    </None>
    <None Include="..\..\Build\Assets\Shaders\lit_phong.prog">
      <Filter>Shaders</Filter>
    </None>
    <None Include="..\..\Build\Assets\Shaders\lit_phong.vert">
      <Filter>Shaders</Filter>
    </None>
    <None Include="..\..\Build\Assets\Materials\phong.mtrl">
      <Filter>Material</Filter>
    </None>
    <None Include="..\..\Build\Assets\Shaders\lit_phong_normal.frag">
      <Filter>Shaders</Filter>
    </None>
    <None Include="..\..\Build\Assets\Shaders\lit_phong_normal.prog">
      <Filter>Shaders</Filter>
    </None>
    <None Include="..\..\Build\Assets\Shaders\lit_phong_normal.vert">
      <Filter>Shaders</Filter>
    </None>
    <None Include="..\..\Build\Assets\Materials\shrek.mtrl">
      <Filter>Material</Filter>
    </None>
    <None Include="..\..\Build\Assets\Materials\skybox.mtrl">
      <Filter>Material</Filter>
    </None>
    <None Include="..\..\Build\Assets\Shaders\cubemap.frag">
      <Filter>Shaders\Cubemap</Filter>
    </None>
    <None Include="..\..\Build\Assets\Shaders\skybox.prog">
      <Filter>Shaders\Cubemap</Filter>
    </None>
    <None Include="..\..\Build\Assets\Shaders\skybox.vert">
      <Filter>Shaders\Cubemap</Filter>
    </None>
    <None Include="..\..\Build\Assets\Shaders\reflection.prog">
      <Filter>Shaders\Cubemap</Filter>
    </None>
    <None Include="..\..\Build\Assets\Shaders\reflection.vert">
      <Filter>Shaders\Cubemap</Filter>
    </None>
    <None Include="..\..\Build\Assets\Materials\reflection.mtrl">
      <Filter>Material</Filter>
    </None>
    <None Include="..\..\Build\Assets\Shaders\refraction.prog">
      <Filter>Shaders\Cubemap</Filter>
    </None>
    <None Include="..\..\Build\Assets\Shaders\refraction.vert">
      <Filter>Shaders\Cubemap</Filter>
    </None>
    <None Include="..\..\Build\Assets\Materials\refraction.mtrl">
      <Filter>Material</Filter>
    </None>
    <None Include="..\..\Build\Assets\Shaders\unlit_sprite.frag">
      <Filter>Shaders</Filter>
    </None>
    <None Include="..\..\Build\Assets\Shaders\unlit_sprite.prog">
      <Filter>Shaders</Filter>
    </None>
    <None Include="..\..\Build\Assets\Shaders\unlit_sprite.vert">
      <Filter>Shaders</Filter>
    </None>
    <None Include="..\..\Build\Assets\Materials\sprite.mtrl">
      <Filter>Material</Filter>
    </None>
    <None Include="..\..\Build\Assets\Shaders\unlit_billboard.prog">
      <Filter>Shaders</Filter>
    </None>
    <None Include="..\..\Build\Assets\Shaders\unlit_billboard.vert">
      <Filter>Shaders</Filter>
    </None>
    <None Include="..\..\Build\Assets\Materials\tree.mtrl">
      <Filter>Material</Filter>
    </None>
    <None Include="..\..\Build\Assets\Scenes\scene_framingbuffer.json">
      <Filter>Scenes</Filter>
    </None>
    <None Include="..\..\Build\Assets\Materials\framebuffer.mtrl">
      <Filter>Material</Filter>
    </None>
    <None Include="..\..\Build\Assets\Shaders\postprocess.frag">
      <Filter>Shaders</Filter>
    </None>
    <None Include="..\..\Build\Assets\Shaders\postprocess.prog">
      <Filter>Shaders</Filter>
    </None>
    <None Include="..\..\Build\Assets\Shaders\postprocess.vert">
      <Filter>Shaders</Filter>
    </None>
    <None Include="..\..\Build\Assets\Materials\postprocess.mtrl">
      <Filter>Material</Filter>
    </None>
    <None Include="..\..\Build\Assets\Fantasy\fantasy.mtrl">
      <Filter>Material</Filter>
    </None>
    <None Include="..\..\Build\Assets\Scenes\scene_shadow.json">
      <Filter>Scenes</Filter>
    </None>
    <None Include="..\..\Build\Assets\Shaders\shadow_depth.frag">
      <Filter>Shaders</Filter>
    </None>
    <None Include="..\..\Build\Assets\Shaders\shadow_depth.prog">
      <Filter>Shaders</Filter>
    </None>
    <None Include="..\..\Build\Assets\Shaders\shadow_depth.vert">
      <Filter>Shaders</Filter>
    </None>
    <None Include="..\..\Build\Assets\Materials\light.mtrl">
      <Filter>Material</Filter>
    </None>
    <None Include="..\..\Build\Assets\Shaders\lit_phong_cel.frag">
      <Filter>Shaders</Filter>
    </None>
    <None Include="..\..\Build\Assets\Shaders\lit_phong_cel.prog">
      <Filter>Shaders</Filter>
    </None>
    <None Include="..\..\Build\Assets\Materials\fantasy_cel.mtrl">
      <Filter>Material</Filter>
    </None>
    <None Include="..\..\Build\Assets\Scenes\scene_cel.json">
      <Filter>Scenes</Filter>
    </None>
    <None Include="..\..\Build\Assets\Shaders\lit_phong_cel.vert">
      <Filter>Shaders</Filter>
    </None>
    <None Include="..\..\Build\Assets\Scenes\scene_editor.json">
      <Filter>Scenes</Filter>
    </None>
  </ItemGroup>
</Project>